github.com/gorilla/mux v1.7.4 h1:VuZ8uybHlWmqV03+zRzdwKL4tUnIp1MAQtp1mIFE1bc=
github.com/gorilla/mux v1.7.4/go.mod h1:DVbg23sWSpFRCP0SfiEN6jmj59UnW/n46BH5rLB71So=
github.com/kataras/golog v0.1.2 h1:ETHu3pD24Z7MNOSo7dhLAKlvE/afRwWa4f+ra1DqVcM=
github.com/kataras/golog v0.1.2/go.mod h1:jOSQ+C5fUqsNSwurB/oAHq1IFSb0KI3l6GMa7xB6dZA=
github.com/kataras/pio v0.0.10 h1:b0qtPUqOpM2O+bqa5wr2O6dN4cQNwSmFd6HQqgVae0g=
github.com/kataras/pio v0.0.10/go.mod h1:gS3ui9xSD+lAUpbYnjOGiQyY7sUMJO+EHpiRzhtZ5no=
golang.org/x/sys v0.0.0-20200819141100-7c7a22168250 h1:d8jZLki63gfyhCX+AWmFwG0qt3CQs3KSzxbmtqupDHQ=
golang.org/x/sys v0.0.0-20200819141100-7c7a22168250/go.mod h1:h1NjWce9XRLGQEsW7wpKNCjG9DtNlClVuFLEZdDNbEs=
